
Microsoft Visual Studio Solution File, Format Version 12.00
# Visual Studio Version 16
VisualStudioVersion = 16.0.30011.22
MinimumVisualStudioVersion = 10.0.40219.1
Project("{FAE04EC0-301F-11D3-BF4B-00C04F79EFBC}") = "clang-wrapper", "clang-wrapper.csproj", "{D2F4D47D-3EEB-44F5-946D-991A78E6F3CC}"
EndProject
Global
	GlobalSection(SolutionConfigurationPlatforms) = preSolution
		Debug|Any CPU = Debug|Any CPU
		Release|Any CPU = Release|Any CPU
	EndGlobalSection
	GlobalSection(ProjectConfigurationPlatforms) = postSolution
		{D2F4D47D-3EEB-44F5-946D-991A78E6F3CC}.Debug|Any CPU.ActiveCfg = Debug|Any CPU
		{D2F4D47D-3EEB-44F5-946D-991A78E6F3CC}.Debug|Any CPU.Build.0 = Debug|Any CPU
		{D2F4D47D-3EEB-44F5-946D-991A78E6F3CC}.Release|Any CPU.ActiveCfg = Release|Any CPU
		{D2F4D47D-3EEB-44F5-946D-991A78E6F3CC}.Release|Any CPU.Build.0 = Release|Any CPU
	EndGlobalSection
	GlobalSection(SolutionProperties) = preSolution
		HideSolutionNode = FALSE
	EndGlobalSection
	GlobalSection(ExtensibilityGlobals) = postSolution
		SolutionGuid = {9D305DEC-5038-4E68-BAF7-D66B1D3E45B0}
	EndGlobalSection
EndGlobal
